// !$*UTF8*$!
{
	archiveVersion = 1;
	classes = {
	};
	objectVersion = 56;
	objects = {

/* Begin PBXBuildFile section */
		B32D42F829C788880080E186 /* AppDelegate.swift in Sources */ = {isa = PBXBuildFile; fileRef = B32D42F729C788880080E186 /* AppDelegate.swift */; };
		B32D42FC29C788880080E186 /* MainViewController.swift in Sources */ = {isa = PBXBuildFile; fileRef = B32D42FB29C788880080E186 /* MainViewController.swift */; };
		B32D42FF29C788880080E186 /* Main.storyboard in Resources */ = {isa = PBXBuildFile; fileRef = B32D42FD29C788880080E186 /* Main.storyboard */; };
		B32D430129C7888A0080E186 /* Assets.xcassets in Resources */ = {isa = PBXBuildFile; fileRef = B32D430029C7888A0080E186 /* Assets.xcassets */; };
		B32D430429C7888A0080E186 /* LaunchScreen.storyboard in Resources */ = {isa = PBXBuildFile; fileRef = B32D430229C7888A0080E186 /* LaunchScreen.storyboard */; };
		B32D431829C8A3360080E186 /* Course.swift in Sources */ = {isa = PBXBuildFile; fileRef = B32D431729C8A3360080E186 /* Course.swift */; };
		B32D431E29C8A4950080E186 /* ImageViewController.swift in Sources */ = {isa = PBXBuildFile; fileRef = B32D431D29C8A4950080E186 /* ImageViewController.swift */; };
		B32D432029C8A4E70080E186 /* CoursesTableViewController.swift in Sources */ = {isa = PBXBuildFile; fileRef = B32D431F29C8A4E70080E186 /* CoursesTableViewController.swift */; };
		B3C05A7429C8A775007F24A8 /* UserActionCell.swift in Sources */ = {isa = PBXBuildFile; fileRef = B3C05A7329C8A775007F24A8 /* UserActionCell.swift */; };
		B3C05A9F29CB704B007F24A8 /* CourseCell.swift in Sources */ = {isa = PBXBuildFile; fileRef = B3C05A9E29CB704B007F24A8 /* CourseCell.swift */; };
		B3C05AA129CB8A8A007F24A8 /* NetworkManager.swift in Sources */ = {isa = PBXBuildFile; fileRef = B3C05AA029CB8A8A007F24A8 /* NetworkManager.swift */; };
/* End PBXBuildFile section */

/* Begin PBXFileReference section */
		B32D42F429C788880080E186 /* CollectionView.app */ = {isa = PBXFileReference; explicitFileType = wrapper.application; includeInIndex = 0; path = CollectionView.app; sourceTree = BUILT_PRODUCTS_DIR; };
		B32D42F729C788880080E186 /* AppDelegate.swift */ = {isa = PBXFileReference; lastKnownFileType = sourcecode.swift; path = AppDelegate.swift; sourceTree = "<group>"; };
		B32D42FB29C788880080E186 /* MainViewController.swift */ = {isa = PBXFileReference; lastKnownFileType = sourcecode.swift; path = MainViewController.swift; sourceTree = "<group>"; };
		B32D42FE29C788880080E186 /* Base */ = {isa = PBXFileReference; lastKnownFileType = file.storyboard; name = Base; path = Base.lproj/Main.storyboard; sourceTree = "<group>"; };
		B32D430029C7888A0080E186 /* Assets.xcassets */ = {isa = PBXFileReference; lastKnownFileType = folder.assetcatalog; path = Assets.xcassets; sourceTree = "<group>"; };
		B32D430329C7888A0080E186 /* Base */ = {isa = PBXFileReference; lastKnownFileType = file.storyboard; name = Base; path = Base.lproj/LaunchScreen.storyboard; sourceTree = "<group>"; };
		B32D431729C8A3360080E186 /* Course.swift */ = {isa = PBXFileReference; lastKnownFileType = sourcecode.swift; path = Course.swift; sourceTree = "<group>"; };
		B32D431D29C8A4950080E186 /* ImageViewController.swift */ = {isa = PBXFileReference; lastKnownFileType = sourcecode.swift; path = ImageViewController.swift; sourceTree = "<group>"; };
		B32D431F29C8A4E70080E186 /* CoursesTableViewController.swift */ = {isa = PBXFileReference; lastKnownFileType = sourcecode.swift; path = CoursesTableViewController.swift; sourceTree = "<group>"; };
		B3C05A7329C8A775007F24A8 /* UserActionCell.swift */ = {isa = PBXFileReference; lastKnownFileType = sourcecode.swift; path = UserActionCell.swift; sourceTree = "<group>"; };
		B3C05A7529C8D73A007F24A8 /* Info.plist */ = {isa = PBXFileReference; fileEncoding = 4; lastKnownFileType = text.plist.xml; path = Info.plist; sourceTree = "<group>"; };
		B3C05A9E29CB704B007F24A8 /* CourseCell.swift */ = {isa = PBXFileReference; lastKnownFileType = sourcecode.swift; path = CourseCell.swift; sourceTree = "<group>"; };
		B3C05AA029CB8A8A007F24A8 /* NetworkManager.swift */ = {isa = PBXFileReference; lastKnownFileType = sourcecode.swift; path = NetworkManager.swift; sourceTree = "<group>"; };
/* End PBXFileReference section */

/* Begin PBXFrameworksBuildPhase section */
		B32D42F129C788880080E186 /* Frameworks */ = {
			isa = PBXFrameworksBuildPhase;
			buildActionMask = 2147483647;
			files = (
			);
			runOnlyForDeploymentPostprocessing = 0;
		};
/* End PBXFrameworksBuildPhase section */

/* Begin PBXGroup section */
		B32D42EB29C788880080E186 = {
			isa = PBXGroup;
			children = (
				B32D42F629C788880080E186 /* CollectionView */,
				B32D42F529C788880080E186 /* Products */,
			);
			sourceTree = "<group>";
		};
		B32D42F529C788880080E186 /* Products */ = {
			isa = PBXGroup;
			children = (
				B32D42F429C788880080E186 /* CollectionView.app */,
			);
			name = Products;
			sourceTree = "<group>";
		};
		B32D42F629C788880080E186 /* CollectionView */ = {
			isa = PBXGroup;
			children = (
				B32D431329C8A2A70080E186 /* ViewControllers */,
				B32D431429C8A3050080E186 /* Views */,
				B32D431629C8A31C0080E186 /* Models */,
				B32D431929C8A3540080E186 /* Services */,
				B32D431A29C8A38E0080E186 /* Storyboards */,
				B32D431B29C8A3AD0080E186 /* App */,
				B32D431C29C8A3DB0080E186 /* Resources */,
			);
			path = CollectionView;
			sourceTree = "<group>";
		};
		B32D431329C8A2A70080E186 /* ViewControllers */ = {
			isa = PBXGroup;
			children = (
				B32D42FB29C788880080E186 /* MainViewController.swift */,
				B32D431D29C8A4950080E186 /* ImageViewController.swift */,
				B32D431F29C8A4E70080E186 /* CoursesTableViewController.swift */,
			);
			path = ViewControllers;
			sourceTree = "<group>";
		};
		B32D431429C8A3050080E186 /* Views */ = {
			isa = PBXGroup;
			children = (
				B3C05A7329C8A775007F24A8 /* UserActionCell.swift */,
				B3C05A9E29CB704B007F24A8 /* CourseCell.swift */,
			);
			path = Views;
			sourceTree = "<group>";
		};
		B32D431629C8A31C0080E186 /* Models */ = {
			isa = PBXGroup;
			children = (
				B32D431729C8A3360080E186 /* Course.swift */,
			);
			path = Models;
			sourceTree = "<group>";
		};
		B32D431929C8A3540080E186 /* Services */ = {
			isa = PBXGroup;
			children = (
				B3C05AA029CB8A8A007F24A8 /* NetworkManager.swift */,
			);
			path = Services;
			sourceTree = "<group>";
		};
		B32D431A29C8A38E0080E186 /* Storyboards */ = {
			isa = PBXGroup;
			children = (
				B32D42FD29C788880080E186 /* Main.storyboard */,
				B32D430229C7888A0080E186 /* LaunchScreen.storyboard */,
			);
			path = Storyboards;
			sourceTree = "<group>";
		};
		B32D431B29C8A3AD0080E186 /* App */ = {
			isa = PBXGroup;
			children = (
				B32D42F729C788880080E186 /* AppDelegate.swift */,
				B3C05A7529C8D73A007F24A8 /* Info.plist */,
			);
			path = App;
			sourceTree = "<group>";
		};
		B32D431C29C8A3DB0080E186 /* Resources */ = {
			isa = PBXGroup;
			children = (
				B32D430029C7888A0080E186 /* Assets.xcassets */,
			);
			path = Resources;
			sourceTree = "<group>";
		};
/* End PBXGroup section */

/* Begin PBXNativeTarget section */
		B32D42F329C788880080E186 /* CollectionView */ = {
			isa = PBXNativeTarget;
			buildConfigurationList = B32D430829C7888A0080E186 /* Build configuration list for PBXNativeTarget "CollectionView" */;
			buildPhases = (
				B32D42F029C788880080E186 /* Sources */,
				B32D42F129C788880080E186 /* Frameworks */,
				B32D42F229C788880080E186 /* Resources */,
			);
			buildRules = (
			);
			dependencies = (
			);
			name = CollectionView;
			productName = CollectionView;
			productReference = B32D42F429C788880080E186 /* CollectionView.app */;
			productType = "com.apple.product-type.application";
		};
/* End PBXNativeTarget section */

/* Begin PBXProject section */
		B32D42EC29C788880080E186 /* Project object */ = {
			isa = PBXProject;
			attributes = {
				BuildIndependentTargetsInParallel = 1;
				LastSwiftUpdateCheck = 1420;
				LastUpgradeCheck = 1420;
				TargetAttributes = {
					B32D42F329C788880080E186 = {
						CreatedOnToolsVersion = 14.2;
					};
				};
			};
			buildConfigurationList = B32D42EF29C788880080E186 /* Build configuration list for PBXProject "CollectionView" */;
			compatibilityVersion = "Xcode 14.0";
			developmentRegion = en;
			hasScannedForEncodings = 0;
			knownRegions = (
				en,
				Base,
			);
			mainGroup = B32D42EB29C788880080E186;
			productRefGroup = B32D42F529C788880080E186 /* Products */;
			projectDirPath = "";
			projectRoot = "";
			targets = (
				B32D42F329C788880080E186 /* CollectionView */,
			);
		};
/* End PBXProject section */

/* Begin PBXResourcesBuildPhase section */
		B32D42F229C788880080E186 /* Resources */ = {
			isa = PBXResourcesBuildPhase;
			buildActionMask = 2147483647;
			files = (
				B32D430429C7888A0080E186 /* LaunchScreen.storyboard in Resources */,
				B32D430129C7888A0080E186 /* Assets.xcassets in Resources */,
				B32D42FF29C788880080E186 /* Main.storyboard in Resources */,
			);
			runOnlyForDeploymentPostprocessing = 0;
		};
/* End PBXResourcesBuildPhase section */

/* Begin PBXSourcesBuildPhase section */
		B32D42F029C788880080E186 /* Sources */ = {
			isa = PBXSourcesBuildPhase;
			buildActionMask = 2147483647;
			files = (
				B32D431829C8A3360080E186 /* Course.swift in Sources */,
				B3C05A7429C8A775007F24A8 /* UserActionCell.swift in Sources */,
				B32D42FC29C788880080E186 /* MainViewController.swift in Sources */,
				B3C05A9F29CB704B007F24A8 /* CourseCell.swift in Sources */,
				B3C05AA129CB8A8A007F24A8 /* NetworkManager.swift in Sources */,
				B32D431E29C8A4950080E186 /* ImageViewController.swift in Sources */,
				B32D42F829C788880080E186 /* AppDelegate.swift in Sources */,
				B32D432029C8A4E70080E186 /* CoursesTableViewController.swift in Sources */,
			);
			runOnlyForDeploymentPostprocessing = 0;
		};
/* End PBXSourcesBuildPhase section */

/* Begin PBXVariantGroup section */
		B32D42FD29C788880080E186 /* Main.storyboard */ = {
			isa = PBXVariantGroup;
			children = (
				B32D42FE29C788880080E186 /* Base */,
			);
			name = Main.storyboard;
			sourceTree = "<group>";
		};
		B32D430229C7888A0080E186 /* LaunchScreen.storyboard */ = {
			isa = PBXVariantGroup;
			children = (
				B32D430329C7888A0080E186 /* Base */,
			);
			name = LaunchScreen.storyboard;
			sourceTree = "<group>";
		};
/* End PBXVariantGroup section */

/* Begin XCBuildConfiguration section */
		B32D430629C7888A0080E186 /* Debug */ = {
			isa = XCBuildConfiguration;
			buildSettings = {
				ALWAYS_SEARCH_USER_PATHS = NO;
				CLANG_ANALYZER_NONNULL = YES;
				CLANG_ANALYZER_NUMBER_OBJECT_CONVERSION = YES_AGGRESSIVE;
				CLANG_CXX_LANGUAGE_STANDARD = "gnu++20";
				CLANG_ENABLE_MODULES = YES;
				CLANG_ENABLE_OBJC_ARC = YES;
				CLANG_ENABLE_OBJC_WEAK = YES;
				CLANG_WARN_BLOCK_CAPTURE_AUTORELEASING = YES;
				CLANG_WARN_BOOL_CONVERSION = YES;
				CLANG_WARN_COMMA = YES;
				CLANG_WARN_CONSTANT_CONVERSION = YES;
				CLANG_WARN_DEPRECATED_OBJC_IMPLEMENTATIONS = YES;
				CLANG_WARN_DIRECT_OBJC_ISA_USAGE = YES_ERROR;
				CLANG_WARN_DOCUMENTATION_COMMENTS = YES;
				CLANG_WARN_EMPTY_BODY = YES;
				CLANG_WARN_ENUM_CONVERSION = YES;
				CLANG_WARN_INFINITE_RECURSION = YES;
				CLANG_WARN_INT_CONVERSION = YES;
				CLANG_WARN_NON_LITERAL_NULL_CONVERSION = YES;
				CLANG_WARN_OBJC_IMPLICIT_RETAIN_SELF = YES;
				CLANG_WARN_OBJC_LITERAL_CONVERSION = YES;
				CLANG_WARN_OBJC_ROOT_CLASS = YES_ERROR;
				CLANG_WARN_QUOTED_INCLUDE_IN_FRAMEWORK_HEADER = YES;
				CLANG_WARN_RANGE_LOOP_ANALYSIS = YES;
				CLANG_WARN_STRICT_PROTOTYPES = YES;
				CLANG_WARN_SUSPICIOUS_MOVE = YES;
				CLANG_WARN_UNGUARDED_AVAILABILITY = YES_AGGRESSIVE;
				CLANG_WARN_UNREACHABLE_CODE = YES;
				CLANG_WARN__DUPLICATE_METHOD_MATCH = YES;
				COPY_PHASE_STRIP = NO;
				DEBUG_INFORMATION_FORMAT = dwarf;
				ENABLE_STRICT_OBJC_MSGSEND = YES;
				ENABLE_TESTABILITY = YES;
				GCC_C_LANGUAGE_STANDARD = gnu11;
				GCC_DYNAMIC_NO_PIC = NO;
				GCC_NO_COMMON_BLOCKS = YES;
				GCC_OPTIMIZATION_LEVEL = 0;
				GCC_PREPROCESSOR_DEFINITIONS = (
					"DEBUG=1",
					"$(inherited)",
				);
				GCC_WARN_64_TO_32_BIT_CONVERSION = YES;
				GCC_WARN_ABOUT_RETURN_TYPE = YES_ERROR;
				GCC_WARN_UNDECLARED_SELECTOR = YES;
				GCC_WARN_UNINITIALIZED_AUTOS = YES_AGGRESSIVE;
				GCC_WARN_UNUSED_FUNCTION = YES;
				GCC_WARN_UNUSED_VARIABLE = YES;
				IPHONEOS_DEPLOYMENT_TARGET = 16.2;
				MTL_ENABLE_DEBUG_INFO = INCLUDE_SOURCE;
				MTL_FAST_MATH = YES;
				ONLY_ACTIVE_ARCH = YES;
				SDKROOT = iphoneos;
				SWIFT_ACTIVE_COMPILATION_CONDITIONS = DEBUG;
				SWIFT_OPTIMIZATION_LEVEL = "-Onone";
			};
			name = Debug;
		};
		B32D430729C7888A0080E186 /* Release */ = {
			isa = XCBuildConfiguration;
			buildSettings = {
				ALWAYS_SEARCH_USER_PATHS = NO;
				CLANG_ANALYZER_NONNULL = YES;
				CLANG_ANALYZER_NUMBER_OBJECT_CONVERSION = YES_AGGRESSIVE;
				CLANG_CXX_LANGUAGE_STANDARD = "gnu++20";
				CLANG_ENABLE_MODULES = YES;
				CLANG_ENABLE_OBJC_ARC = YES;
				CLANG_ENABLE_OBJC_WEAK = YES;
				CLANG_WARN_BLOCK_CAPTURE_AUTORELEASING = YES;
				CLANG_WARN_BOOL_CONVERSION = YES;
				CLANG_WARN_COMMA = YES;
				CLANG_WARN_CONSTANT_CONVERSION = YES;
				CLANG_WARN_DEPRECATED_OBJC_IMPLEMENTATIONS = YES;
				CLANG_WARN_DIRECT_OBJC_ISA_USAGE = YES_ERROR;
				CLANG_WARN_DOCUMENTATION_COMMENTS = YES;
				CLANG_WARN_EMPTY_BODY = YES;
				CLANG_WARN_ENUM_CONVERSION = YES;
				CLANG_WARN_INFINITE_RECURSION = YES;
				CLANG_WARN_INT_CONVERSION = YES;
				CLANG_WARN_NON_LITERAL_NULL_CONVERSION = YES;
				CLANG_WARN_OBJC_IMPLICIT_RETAIN_SELF = YES;
				CLANG_WARN_OBJC_LITERAL_CONVERSION = YES;
				CLANG_WARN_OBJC_ROOT_CLASS = YES_ERROR;
				CLANG_WARN_QUOTED_INCLUDE_IN_FRAMEWORK_HEADER = YES;
				CLANG_WARN_RANGE_LOOP_ANALYSIS = YES;
				CLANG_WARN_STRICT_PROTOTYPES = YES;
				CLANG_WARN_SUSPICIOUS_MOVE = YES;
				CLANG_WARN_UNGUARDED_AVAILABILITY = YES_AGGRESSIVE;
				CLANG_WARN_UNREACHABLE_CODE = YES;
				CLANG_WARN__DUPLICATE_METHOD_MATCH = YES;
				COPY_PHASE_STRIP = NO;
				DEBUG_INFORMATION_FORMAT = "dwarf-with-dsym";
				ENABLE_NS_ASSERTIONS = NO;
				ENABLE_STRICT_OBJC_MSGSEND = YES;
				GCC_C_LANGUAGE_STANDARD = gnu11;
				GCC_NO_COMMON_BLOCKS = YES;
				GCC_WARN_64_TO_32_BIT_CONVERSION = YES;
				GCC_WARN_ABOUT_RETURN_TYPE = YES_ERROR;
				GCC_WARN_UNDECLARED_SELECTOR = YES;
				GCC_WARN_UNINITIALIZED_AUTOS = YES_AGGRESSIVE;
				GCC_WARN_UNUSED_FUNCTION = YES;
				GCC_WARN_UNUSED_VARIABLE = YES;
				IPHONEOS_DEPLOYMENT_TARGET = 16.2;
				MTL_ENABLE_DEBUG_INFO = NO;
				MTL_FAST_MATH = YES;
				SDKROOT = iphoneos;
				SWIFT_COMPILATION_MODE = wholemodule;
				SWIFT_OPTIMIZATION_LEVEL = "-O";
				VALIDATE_PRODUCT = YES;
			};
			name = Release;
		};
		B32D430929C7888A0080E186 /* Debug */ = {
			isa = XCBuildConfiguration;
			buildSettings = {
				ASSETCATALOG_COMPILER_APPICON_NAME = AppIcon;
				ASSETCATALOG_COMPILER_GLOBAL_ACCENT_COLOR_NAME = AccentColor;
				CODE_SIGN_STYLE = Automatic;
				CURRENT_PROJECT_VERSION = 1;
				DEVELOPMENT_TEAM = PJMX9LFVDP;
				GENERATE_INFOPLIST_FILE = YES;
				INFOPLIST_FILE = CollectionView/App/Info.plist;
				INFOPLIST_KEY_UIApplicationSupportsIndirectInputEvents = YES;
				INFOPLIST_KEY_UILaunchStoryboardName = LaunchScreen;
				INFOPLIST_KEY_UIMainStoryboardFile = Main;
				INFOPLIST_KEY_UISupportedInterfaceOrientations = UIInterfaceOrientationPortrait;
				INFOPLIST_KEY_UISupportedInterfaceOrientations_iPad = "UIInterfaceOrientationLandscapeLeft UIInterfaceOrientationLandscapeRight UIInterfaceOrientationPortrait UIInterfaceOrientationPortraitUpsideDown";
				IPHONEOS_DEPLOYMENT_TARGET = 16.0;
				LD_RUNPATH_SEARCH_PATHS = (
					"$(inherited)",
					"@executable_path/Frameworks",
				);
				MARKETING_VERSION = 1.0;
				PRODUCT_BUNDLE_IDENTIFIER = ru.swiftbook.CollectionView;
				PRODUCT_NAME = "$(TARGET_NAME)";
				SUPPORTED_PLATFORMS = "iphoneos iphonesimulator";
				SUPPORTS_MACCATALYST = NO;
				SUPPORTS_MAC_DESIGNED_FOR_IPHONE_IPAD = NO;
				SWIFT_EMIT_LOC_STRINGS = YES;
				SWIFT_VERSION = 5.0;
				TARGETED_DEVICE_FAMILY = 1;
			};
			name = Debug;
		};
		B32D430A29C7888A0080E186 /* Release */ = {
			isa = XCBuildConfiguration;
			buildSettings = {
				ASSETCATALOG_COMPILER_APPICON_NAME = AppIcon;
				ASSETCATALOG_COMPILER_GLOBAL_ACCENT_COLOR_NAME = AccentColor;
				CODE_SIGN_STYLE = Automatic;
				CURRENT_PROJECT_VERSION = 1;
				DEVELOPMENT_TEAM = PJMX9LFVDP;
				GENERATE_INFOPLIST_FILE = YES;
				INFOPLIST_FILE = CollectionView/App/Info.plist;
				INFOPLIST_KEY_UIApplicationSupportsIndirectInputEvents = YES;
				INFOPLIST_KEY_UILaunchStoryboardName = LaunchScreen;
				INFOPLIST_KEY_UIMainStoryboardFile = Main;
				INFOPLIST_KEY_UISupportedInterfaceOrientations = UIInterfaceOrientationPortrait;
				INFOPLIST_KEY_UISupportedInterfaceOrientations_iPad = "UIInterfaceOrientationLandscapeLeft UIInterfaceOrientationLandscapeRight UIInterfaceOrientationPortrait UIInterfaceOrientationPortraitUpsideDown";
				IPHONEOS_DEPLOYMENT_TARGET = 16.0;
				LD_RUNPATH_SEARCH_PATHS = (
					"$(inherited)",
					"@executable_path/Frameworks",
				);
				MARKETING_VERSION = 1.0;
				PRODUCT_BUNDLE_IDENTIFIER = ru.swiftbook.CollectionView;
				PRODUCT_NAME = "$(TARGET_NAME)";
				SUPPORTED_PLATFORMS = "iphoneos iphonesimulator";
				SUPPORTS_MACCATALYST = NO;
				SUPPORTS_MAC_DESIGNED_FOR_IPHONE_IPAD = NO;
				SWIFT_EMIT_LOC_STRINGS = YES;
				SWIFT_VERSION = 5.0;
				TARGETED_DEVICE_FAMILY = 1;
			};
			name = Release;
		};
/* End XCBuildConfiguration section */

/* Begin XCConfigurationList section */
		B32D42EF29C788880080E186 /* Build configuration list for PBXProject "CollectionView" */ = {
			isa = XCConfigurationList;
			buildConfigurations = (
				B32D430629C7888A0080E186 /* Debug */,
				B32D430729C7888A0080E186 /* Release */,
			);
			defaultConfigurationIsVisible = 0;
			defaultConfigurationName = Release;
		};
		B32D430829C7888A0080E186 /* Build configuration list for PBXNativeTarget "CollectionView" */ = {
			isa = XCConfigurationList;
			buildConfigurations = (
				B32D430929C7888A0080E186 /* Debug */,
				B32D430A29C7888A0080E186 /* Release */,
			);
			defaultConfigurationIsVisible = 0;
			defaultConfigurationName = Release;
		};
/* End XCConfigurationList section */
	};
	rootObject = B32D42EC29C788880080E186 /* Project object */;
}
